
Microsoft Visual Studio Solution File, Format Version 12.00
# Visual Studio Version 16
VisualStudioVersion = 16.0.28803.202
MinimumVisualStudioVersion = 10.0.40219.1
Project("{FAE04EC0-301F-11D3-BF4B-00C04F79EFBC}") = "BEEP", "BEEP\BEEP.csproj", "{AAC37352-9F84-4948-91CA-2464B473E1AE}"
EndProject
Global
	GlobalSection(SolutionConfigurationPlatforms) = preSolution
		Debug|Any CPU = Debug|Any CPU
		Release|Any CPU = Release|Any CPU
	EndGlobalSection
	GlobalSection(ProjectConfigurationPlatforms) = postSolution
		{AAC37352-9F84-4948-91CA-2464B473E1AE}.Debug|Any CPU.ActiveCfg = Debug|Any CPU
		{AAC37352-9F84-4948-91CA-2464B473E1AE}.Debug|Any CPU.Build.0 = Debug|Any CPU
		{AAC37352-9F84-4948-91CA-2464B473E1AE}.Release|Any CPU.ActiveCfg = Release|Any CPU
		{AAC37352-9F84-4948-91CA-2464B473E1AE}.Release|Any CPU.Build.0 = Release|Any CPU
	EndGlobalSection
	GlobalSection(SolutionProperties) = preSolution
		HideSolutionNode = FALSE
	EndGlobalSection
	GlobalSection(ExtensibilityGlobals) = postSolution
		SolutionGuid = {48FF81FA-7C8C-4E06-9D44-D272372575A0}
	EndGlobalSection
EndGlobal
